
Microsoft Visual Studio Solution File, Format Version 12.00
# Visual Studio 15
VisualStudioVersion = 15.0.27703.2018
MinimumVisualStudioVersion = 10.0.40219.1
Project("{FAE04EC0-301F-11D3-BF4B-00C04F79EFBC}") = "GeoFun", "GeoFun\GeoFun.csproj", "{C298A600-CE0D-4C7E-8939-676AB9ABA040}"
EndProject
Project("{FAE04EC0-301F-11D3-BF4B-00C04F79EFBC}") = "GeoFunTest", "GeoFunTest\GeoFunTest.csproj", "{6C784383-7CC5-4F18-9629-FD24A61F1A5E}"
EndProject
Project("{FAE04EC0-301F-11D3-BF4B-00C04F79EFBC}") = "GeoFun.GNSS", "GeoFun.GNSS\GeoFun.GNSS.csproj", "{B8D64A98-4A98-4811-8E01-F9783209AAF0}"
EndProject
Project("{FAE04EC0-301F-11D3-BF4B-00C04F79EFBC}") = "GeoFun.Encrypt", "GeoFun.Encrypt\GeoFun.Encrypt.csproj", "{9F4BAB31-855A-4537-82A8-A11C17E171F2}"
EndProject
Project("{FAE04EC0-301F-11D3-BF4B-00C04F79EFBC}") = "GeoFun.Inter", "GeoFun.Inter\GeoFun.Inter.csproj", "{A0D39778-A717-4A22-8E72-1DA38893087A}"
EndProject
Global
	GlobalSection(SolutionConfigurationPlatforms) = preSolution
		Debug|Any CPU = Debug|Any CPU
		Release|Any CPU = Release|Any CPU
	EndGlobalSection
	GlobalSection(ProjectConfigurationPlatforms) = postSolution
		{C298A600-CE0D-4C7E-8939-676AB9ABA040}.Debug|Any CPU.ActiveCfg = Debug|Any CPU
		{C298A600-CE0D-4C7E-8939-676AB9ABA040}.Debug|Any CPU.Build.0 = Debug|Any CPU
		{C298A600-CE0D-4C7E-8939-676AB9ABA040}.Release|Any CPU.ActiveCfg = Release|Any CPU
		{C298A600-CE0D-4C7E-8939-676AB9ABA040}.Release|Any CPU.Build.0 = Release|Any CPU
		{6C784383-7CC5-4F18-9629-FD24A61F1A5E}.Debug|Any CPU.ActiveCfg = Debug|Any CPU
		{6C784383-7CC5-4F18-9629-FD24A61F1A5E}.Debug|Any CPU.Build.0 = Debug|Any CPU
		{6C784383-7CC5-4F18-9629-FD24A61F1A5E}.Release|Any CPU.ActiveCfg = Release|Any CPU
		{6C784383-7CC5-4F18-9629-FD24A61F1A5E}.Release|Any CPU.Build.0 = Release|Any CPU
		{B8D64A98-4A98-4811-8E01-F9783209AAF0}.Debug|Any CPU.ActiveCfg = Debug|Any CPU
		{B8D64A98-4A98-4811-8E01-F9783209AAF0}.Debug|Any CPU.Build.0 = Debug|Any CPU
		{B8D64A98-4A98-4811-8E01-F9783209AAF0}.Release|Any CPU.ActiveCfg = Release|Any CPU
		{B8D64A98-4A98-4811-8E01-F9783209AAF0}.Release|Any CPU.Build.0 = Release|Any CPU
		{9F4BAB31-855A-4537-82A8-A11C17E171F2}.Debug|Any CPU.ActiveCfg = Debug|Any CPU
		{9F4BAB31-855A-4537-82A8-A11C17E171F2}.Debug|Any CPU.Build.0 = Debug|Any CPU
		{9F4BAB31-855A-4537-82A8-A11C17E171F2}.Release|Any CPU.ActiveCfg = Release|Any CPU
		{9F4BAB31-855A-4537-82A8-A11C17E171F2}.Release|Any CPU.Build.0 = Release|Any CPU
		{A0D39778-A717-4A22-8E72-1DA38893087A}.Debug|Any CPU.ActiveCfg = Debug|Any CPU
		{A0D39778-A717-4A22-8E72-1DA38893087A}.Debug|Any CPU.Build.0 = Debug|Any CPU
		{A0D39778-A717-4A22-8E72-1DA38893087A}.Release|Any CPU.ActiveCfg = Release|Any CPU
		{A0D39778-A717-4A22-8E72-1DA38893087A}.Release|Any CPU.Build.0 = Release|Any CPU
	EndGlobalSection
	GlobalSection(SolutionProperties) = preSolution
		HideSolutionNode = FALSE
	EndGlobalSection
	GlobalSection(ExtensibilityGlobals) = postSolution
		SolutionGuid = {E63B355B-883E-45AE-846A-F10AA63C7BDD}
	EndGlobalSection
EndGlobal
