
Microsoft Visual Studio Solution File, Format Version 12.00
# Visual Studio Version 16
VisualStudioVersion = 16.0.28809.33
MinimumVisualStudioVersion = 10.0.40219.1
Project("{FAE04EC0-301F-11D3-BF4B-00C04F79EFBC}") = "GeoFun", "GeoFun\GeoFun.csproj", "{D208A3E9-5BF4-414E-9807-7605898102A0}"
EndProject
Project("{FAE04EC0-301F-11D3-BF4B-00C04F79EFBC}") = "GeoFunTest", "GeoFunTest\GeoFunTest.csproj", "{6C784383-7CC5-4F18-9629-FD24A61F1A5E}"
EndProject
Project("{FAE04EC0-301F-11D3-BF4B-00C04F79EFBC}") = "GeoFun.Inter", "GeoFun.Inter\GeoFun.Inter.csproj", "{A0D39778-A717-4A22-8E72-1DA38893087A}"
EndProject
Project("{8BC9CEB8-8B4A-11D0-8D11-00A0C91BC942}") = "GeoFunC", "GeoFunC\GeoFunC.vcxproj", "{C2478896-BA57-4BA5-8809-25FEBB7EB3D3}"
EndProject
Project("{8BC9CEB8-8B4A-11D0-8D11-00A0C91BC942}") = "GeoFunCTest", "GeoFunCTest\GeoFunCTest.vcxproj", "{D2A4A373-C167-49C0-9C0B-3A3C6AD56DC9}"
EndProject
Project("{8BC9CEB8-8B4A-11D0-8D11-00A0C91BC942}") = "GeoFunC.GNSS", "GeoFunC.GNSS\GeoFunC.GNSS.vcxproj", "{290BB3F3-3B36-428E-B2A1-CEEC45533A92}"
EndProject
Project("{FAE04EC0-301F-11D3-BF4B-00C04F79EFBC}") = "GeoFun.Spatial", "GeoFun.Spatial\GeoFun.Spatial.csproj", "{D1D72B0E-D8EB-4636-9230-3E1B8D244C3E}"
EndProject
Project("{FAE04EC0-301F-11D3-BF4B-00C04F79EFBC}") = "GeoFun.GNSS", "GeoFun.GNSS\GeoFun.GNSS.csproj", "{B8D64A98-4A98-4811-8E01-F9783209AAF0}"
EndProject
Project("{FAE04EC0-301F-11D3-BF4B-00C04F79EFBC}") = "GeoFun.Encrypt", "GeoFun.Encrypt\GeoFun.Encrypt.csproj", "{9F4BAB31-855A-4537-82A8-A11C17E171F2}"
EndProject
Global
	GlobalSection(SolutionConfigurationPlatforms) = preSolution
		Debug|Any CPU = Debug|Any CPU
		Debug|x64 = Debug|x64
		Debug|x86 = Debug|x86
		Release|Any CPU = Release|Any CPU
		Release|x64 = Release|x64
		Release|x86 = Release|x86
	EndGlobalSection
	GlobalSection(ProjectConfigurationPlatforms) = postSolution
		{D208A3E9-5BF4-414E-9807-7605898102A0}.Debug|Any CPU.ActiveCfg = Debug|Any CPU
		{D208A3E9-5BF4-414E-9807-7605898102A0}.Debug|Any CPU.Build.0 = Debug|Any CPU
		{D208A3E9-5BF4-414E-9807-7605898102A0}.Debug|x64.ActiveCfg = Debug|Any CPU
		{D208A3E9-5BF4-414E-9807-7605898102A0}.Debug|x64.Build.0 = Debug|Any CPU
		{D208A3E9-5BF4-414E-9807-7605898102A0}.Debug|x86.ActiveCfg = Debug|Any CPU
		{D208A3E9-5BF4-414E-9807-7605898102A0}.Debug|x86.Build.0 = Debug|Any CPU
		{D208A3E9-5BF4-414E-9807-7605898102A0}.Release|Any CPU.ActiveCfg = Release|Any CPU
		{D208A3E9-5BF4-414E-9807-7605898102A0}.Release|Any CPU.Build.0 = Release|Any CPU
		{D208A3E9-5BF4-414E-9807-7605898102A0}.Release|x64.ActiveCfg = Release|Any CPU
		{D208A3E9-5BF4-414E-9807-7605898102A0}.Release|x64.Build.0 = Release|Any CPU
		{D208A3E9-5BF4-414E-9807-7605898102A0}.Release|x86.ActiveCfg = Release|Any CPU
		{D208A3E9-5BF4-414E-9807-7605898102A0}.Release|x86.Build.0 = Release|Any CPU
		{6C784383-7CC5-4F18-9629-FD24A61F1A5E}.Debug|Any CPU.ActiveCfg = Debug|Any CPU
		{6C784383-7CC5-4F18-9629-FD24A61F1A5E}.Debug|Any CPU.Build.0 = Debug|Any CPU
		{6C784383-7CC5-4F18-9629-FD24A61F1A5E}.Debug|x64.ActiveCfg = Debug|Any CPU
		{6C784383-7CC5-4F18-9629-FD24A61F1A5E}.Debug|x64.Build.0 = Debug|Any CPU
		{6C784383-7CC5-4F18-9629-FD24A61F1A5E}.Debug|x86.ActiveCfg = Debug|Any CPU
		{6C784383-7CC5-4F18-9629-FD24A61F1A5E}.Debug|x86.Build.0 = Debug|Any CPU
		{6C784383-7CC5-4F18-9629-FD24A61F1A5E}.Release|Any CPU.ActiveCfg = Release|Any CPU
		{6C784383-7CC5-4F18-9629-FD24A61F1A5E}.Release|Any CPU.Build.0 = Release|Any CPU
		{6C784383-7CC5-4F18-9629-FD24A61F1A5E}.Release|x64.ActiveCfg = Release|Any CPU
		{6C784383-7CC5-4F18-9629-FD24A61F1A5E}.Release|x64.Build.0 = Release|Any CPU
		{6C784383-7CC5-4F18-9629-FD24A61F1A5E}.Release|x86.ActiveCfg = Release|Any CPU
		{6C784383-7CC5-4F18-9629-FD24A61F1A5E}.Release|x86.Build.0 = Release|Any CPU
		{A0D39778-A717-4A22-8E72-1DA38893087A}.Debug|Any CPU.ActiveCfg = Debug|Any CPU
		{A0D39778-A717-4A22-8E72-1DA38893087A}.Debug|Any CPU.Build.0 = Debug|Any CPU
		{A0D39778-A717-4A22-8E72-1DA38893087A}.Debug|x64.ActiveCfg = Debug|Any CPU
		{A0D39778-A717-4A22-8E72-1DA38893087A}.Debug|x64.Build.0 = Debug|Any CPU
		{A0D39778-A717-4A22-8E72-1DA38893087A}.Debug|x86.ActiveCfg = Debug|Any CPU
		{A0D39778-A717-4A22-8E72-1DA38893087A}.Debug|x86.Build.0 = Debug|Any CPU
		{A0D39778-A717-4A22-8E72-1DA38893087A}.Release|Any CPU.ActiveCfg = Release|Any CPU
		{A0D39778-A717-4A22-8E72-1DA38893087A}.Release|Any CPU.Build.0 = Release|Any CPU
		{A0D39778-A717-4A22-8E72-1DA38893087A}.Release|x64.ActiveCfg = Release|Any CPU
		{A0D39778-A717-4A22-8E72-1DA38893087A}.Release|x64.Build.0 = Release|Any CPU
		{A0D39778-A717-4A22-8E72-1DA38893087A}.Release|x86.ActiveCfg = Release|Any CPU
		{A0D39778-A717-4A22-8E72-1DA38893087A}.Release|x86.Build.0 = Release|Any CPU
		{C2478896-BA57-4BA5-8809-25FEBB7EB3D3}.Debug|Any CPU.ActiveCfg = Debug|Win32
		{C2478896-BA57-4BA5-8809-25FEBB7EB3D3}.Debug|x64.ActiveCfg = Debug|x64
		{C2478896-BA57-4BA5-8809-25FEBB7EB3D3}.Debug|x64.Build.0 = Debug|x64
		{C2478896-BA57-4BA5-8809-25FEBB7EB3D3}.Debug|x86.ActiveCfg = Debug|Win32
		{C2478896-BA57-4BA5-8809-25FEBB7EB3D3}.Debug|x86.Build.0 = Debug|Win32
		{C2478896-BA57-4BA5-8809-25FEBB7EB3D3}.Release|Any CPU.ActiveCfg = Release|Win32
		{C2478896-BA57-4BA5-8809-25FEBB7EB3D3}.Release|x64.ActiveCfg = Release|x64
		{C2478896-BA57-4BA5-8809-25FEBB7EB3D3}.Release|x64.Build.0 = Release|x64
		{C2478896-BA57-4BA5-8809-25FEBB7EB3D3}.Release|x86.ActiveCfg = Release|Win32
		{C2478896-BA57-4BA5-8809-25FEBB7EB3D3}.Release|x86.Build.0 = Release|Win32
		{D2A4A373-C167-49C0-9C0B-3A3C6AD56DC9}.Debug|Any CPU.ActiveCfg = Debug|Win32
		{D2A4A373-C167-49C0-9C0B-3A3C6AD56DC9}.Debug|x64.ActiveCfg = Debug|x64
		{D2A4A373-C167-49C0-9C0B-3A3C6AD56DC9}.Debug|x64.Build.0 = Debug|x64
		{D2A4A373-C167-49C0-9C0B-3A3C6AD56DC9}.Debug|x86.ActiveCfg = Debug|Win32
		{D2A4A373-C167-49C0-9C0B-3A3C6AD56DC9}.Debug|x86.Build.0 = Debug|Win32
		{D2A4A373-C167-49C0-9C0B-3A3C6AD56DC9}.Release|Any CPU.ActiveCfg = Release|Win32
		{D2A4A373-C167-49C0-9C0B-3A3C6AD56DC9}.Release|x64.ActiveCfg = Release|x64
		{D2A4A373-C167-49C0-9C0B-3A3C6AD56DC9}.Release|x64.Build.0 = Release|x64
		{D2A4A373-C167-49C0-9C0B-3A3C6AD56DC9}.Release|x86.ActiveCfg = Release|Win32
		{D2A4A373-C167-49C0-9C0B-3A3C6AD56DC9}.Release|x86.Build.0 = Release|Win32
		{290BB3F3-3B36-428E-B2A1-CEEC45533A92}.Debug|Any CPU.ActiveCfg = Debug|Win32
		{290BB3F3-3B36-428E-B2A1-CEEC45533A92}.Debug|x64.ActiveCfg = Debug|x64
		{290BB3F3-3B36-428E-B2A1-CEEC45533A92}.Debug|x64.Build.0 = Debug|x64
		{290BB3F3-3B36-428E-B2A1-CEEC45533A92}.Debug|x86.ActiveCfg = Debug|Win32
		{290BB3F3-3B36-428E-B2A1-CEEC45533A92}.Debug|x86.Build.0 = Debug|Win32
		{290BB3F3-3B36-428E-B2A1-CEEC45533A92}.Release|Any CPU.ActiveCfg = Release|Win32
		{290BB3F3-3B36-428E-B2A1-CEEC45533A92}.Release|x64.ActiveCfg = Release|x64
		{290BB3F3-3B36-428E-B2A1-CEEC45533A92}.Release|x64.Build.0 = Release|x64
		{290BB3F3-3B36-428E-B2A1-CEEC45533A92}.Release|x86.ActiveCfg = Release|Win32
		{290BB3F3-3B36-428E-B2A1-CEEC45533A92}.Release|x86.Build.0 = Release|Win32
		{D1D72B0E-D8EB-4636-9230-3E1B8D244C3E}.Debug|Any CPU.ActiveCfg = Debug|Any CPU
		{D1D72B0E-D8EB-4636-9230-3E1B8D244C3E}.Debug|Any CPU.Build.0 = Debug|Any CPU
		{D1D72B0E-D8EB-4636-9230-3E1B8D244C3E}.Debug|x64.ActiveCfg = Debug|Any CPU
		{D1D72B0E-D8EB-4636-9230-3E1B8D244C3E}.Debug|x64.Build.0 = Debug|Any CPU
		{D1D72B0E-D8EB-4636-9230-3E1B8D244C3E}.Debug|x86.ActiveCfg = Debug|Any CPU
		{D1D72B0E-D8EB-4636-9230-3E1B8D244C3E}.Debug|x86.Build.0 = Debug|Any CPU
		{D1D72B0E-D8EB-4636-9230-3E1B8D244C3E}.Release|Any CPU.ActiveCfg = Release|Any CPU
		{D1D72B0E-D8EB-4636-9230-3E1B8D244C3E}.Release|Any CPU.Build.0 = Release|Any CPU
		{D1D72B0E-D8EB-4636-9230-3E1B8D244C3E}.Release|x64.ActiveCfg = Release|Any CPU
		{D1D72B0E-D8EB-4636-9230-3E1B8D244C3E}.Release|x64.Build.0 = Release|Any CPU
		{D1D72B0E-D8EB-4636-9230-3E1B8D244C3E}.Release|x86.ActiveCfg = Release|Any CPU
		{D1D72B0E-D8EB-4636-9230-3E1B8D244C3E}.Release|x86.Build.0 = Release|Any CPU
		{B8D64A98-4A98-4811-8E01-F9783209AAF0}.Debug|Any CPU.ActiveCfg = Debug|Any CPU
		{B8D64A98-4A98-4811-8E01-F9783209AAF0}.Debug|Any CPU.Build.0 = Debug|Any CPU
		{B8D64A98-4A98-4811-8E01-F9783209AAF0}.Debug|x64.ActiveCfg = Debug|Any CPU
		{B8D64A98-4A98-4811-8E01-F9783209AAF0}.Debug|x64.Build.0 = Debug|Any CPU
		{B8D64A98-4A98-4811-8E01-F9783209AAF0}.Debug|x86.ActiveCfg = Debug|Any CPU
		{B8D64A98-4A98-4811-8E01-F9783209AAF0}.Debug|x86.Build.0 = Debug|Any CPU
		{B8D64A98-4A98-4811-8E01-F9783209AAF0}.Release|Any CPU.ActiveCfg = Release|Any CPU
		{B8D64A98-4A98-4811-8E01-F9783209AAF0}.Release|Any CPU.Build.0 = Release|Any CPU
		{B8D64A98-4A98-4811-8E01-F9783209AAF0}.Release|x64.ActiveCfg = Release|Any CPU
		{B8D64A98-4A98-4811-8E01-F9783209AAF0}.Release|x64.Build.0 = Release|Any CPU
		{B8D64A98-4A98-4811-8E01-F9783209AAF0}.Release|x86.ActiveCfg = Release|Any CPU
		{B8D64A98-4A98-4811-8E01-F9783209AAF0}.Release|x86.Build.0 = Release|Any CPU
		{9F4BAB31-855A-4537-82A8-A11C17E171F2}.Debug|Any CPU.ActiveCfg = Debug|Any CPU
		{9F4BAB31-855A-4537-82A8-A11C17E171F2}.Debug|Any CPU.Build.0 = Debug|Any CPU
		{9F4BAB31-855A-4537-82A8-A11C17E171F2}.Debug|x64.ActiveCfg = Debug|Any CPU
		{9F4BAB31-855A-4537-82A8-A11C17E171F2}.Debug|x64.Build.0 = Debug|Any CPU
		{9F4BAB31-855A-4537-82A8-A11C17E171F2}.Debug|x86.ActiveCfg = Debug|Any CPU
		{9F4BAB31-855A-4537-82A8-A11C17E171F2}.Debug|x86.Build.0 = Debug|Any CPU
		{9F4BAB31-855A-4537-82A8-A11C17E171F2}.Release|Any CPU.ActiveCfg = Release|Any CPU
		{9F4BAB31-855A-4537-82A8-A11C17E171F2}.Release|Any CPU.Build.0 = Release|Any CPU
		{9F4BAB31-855A-4537-82A8-A11C17E171F2}.Release|x64.ActiveCfg = Release|Any CPU
		{9F4BAB31-855A-4537-82A8-A11C17E171F2}.Release|x64.Build.0 = Release|Any CPU
		{9F4BAB31-855A-4537-82A8-A11C17E171F2}.Release|x86.ActiveCfg = Release|Any CPU
		{9F4BAB31-855A-4537-82A8-A11C17E171F2}.Release|x86.Build.0 = Release|Any CPU
	EndGlobalSection
	GlobalSection(SolutionProperties) = preSolution
		HideSolutionNode = FALSE
	EndGlobalSection
	GlobalSection(ExtensibilityGlobals) = postSolution
		SolutionGuid = {E63B355B-883E-45AE-846A-F10AA63C7BDD}
	EndGlobalSection
EndGlobal
